
Microsoft Visual Studio Solution File, Format Version 12.00
# Visual Studio 15
VisualStudioVersion = 15.0.28010.2016
MinimumVisualStudioVersion = 10.0.40219.1
Project("{FAE04EC0-301F-11D3-BF4B-00C04F79EFBC}") = "QlyNhaTro", "QlyNhaTro\QlyNhaTro.csproj", "{0F226857-741E-498D-B334-5338E6211F47}"
EndProject
Global
	GlobalSection(SolutionConfigurationPlatforms) = preSolution
		Debug|Any CPU = Debug|Any CPU
		Release|Any CPU = Release|Any CPU
	EndGlobalSection
	GlobalSection(ProjectConfigurationPlatforms) = postSolution
		{0F226857-741E-498D-B334-5338E6211F47}.Debug|Any CPU.ActiveCfg = Debug|Any CPU
		{0F226857-741E-498D-B334-5338E6211F47}.Debug|Any CPU.Build.0 = Debug|Any CPU
		{0F226857-741E-498D-B334-5338E6211F47}.Release|Any CPU.ActiveCfg = Release|Any CPU
		{0F226857-741E-498D-B334-5338E6211F47}.Release|Any CPU.Build.0 = Release|Any CPU
	EndGlobalSection
	GlobalSection(SolutionProperties) = preSolution
		HideSolutionNode = FALSE
	EndGlobalSection
	GlobalSection(ExtensibilityGlobals) = postSolution
		SolutionGuid = {DBC4769E-3A46-432E-BDE9-F6BA55BE46A5}
	EndGlobalSection
EndGlobal
